
Microsoft Visual Studio Solution File, Format Version 12.00
# Visual Studio 15
VisualStudioVersion = 15.0.28307.168
MinimumVisualStudioVersion = 10.0.40219.1
Project("{FAE04EC0-301F-11D3-BF4B-00C04F79EFBC}") = "BlockChainTest", "BlockChainTest\BlockChainTest.csproj", "{CF134995-B6DB-4E32-AE9F-02EC93A8D4CB}"
EndProject
Global
	GlobalSection(SolutionConfigurationPlatforms) = preSolution
		Debug|Any CPU = Debug|Any CPU
		Release|Any CPU = Release|Any CPU
	EndGlobalSection
	GlobalSection(ProjectConfigurationPlatforms) = postSolution
		{CF134995-B6DB-4E32-AE9F-02EC93A8D4CB}.Debug|Any CPU.ActiveCfg = Debug|Any CPU
		{CF134995-B6DB-4E32-AE9F-02EC93A8D4CB}.Debug|Any CPU.Build.0 = Debug|Any CPU
		{CF134995-B6DB-4E32-AE9F-02EC93A8D4CB}.Release|Any CPU.ActiveCfg = Release|Any CPU
		{CF134995-B6DB-4E32-AE9F-02EC93A8D4CB}.Release|Any CPU.Build.0 = Release|Any CPU
	EndGlobalSection
	GlobalSection(SolutionProperties) = preSolution
		HideSolutionNode = FALSE
	EndGlobalSection
	GlobalSection(ExtensibilityGlobals) = postSolution
		SolutionGuid = {DF64F367-6B07-4648-A9A4-51CAF007944D}
	EndGlobalSection
EndGlobal
